
Microsoft Visual Studio Solution File, Format Version 12.00
# Visual Studio Version 16
VisualStudioVersion = 16.0.30503.244
MinimumVisualStudioVersion = 10.0.40219.1
Project("{9A19103F-16F7-4668-BE54-9A1E7A4F7556}") = "NetCoreUnitTest.App", "NetCoreUnitTest.App\NetCoreUnitTest.App.csproj", "{9FDC5A3B-0E7C-4404-B72F-DDEB7F2DFBB0}"
EndProject
Project("{FAE04EC0-301F-11D3-BF4B-00C04F79EFBC}") = "NetCoreUnitTest.Test", "NetCoreUnitTest.Test\NetCoreUnitTest.Test.csproj", "{B44C0C7D-C090-4EFB-BDF5-E7905FBA96BB}"
EndProject
Global
	GlobalSection(SolutionConfigurationPlatforms) = preSolution
		Debug|Any CPU = Debug|Any CPU
		Release|Any CPU = Release|Any CPU
	EndGlobalSection
	GlobalSection(ProjectConfigurationPlatforms) = postSolution
		{9FDC5A3B-0E7C-4404-B72F-DDEB7F2DFBB0}.Debug|Any CPU.ActiveCfg = Debug|Any CPU
		{9FDC5A3B-0E7C-4404-B72F-DDEB7F2DFBB0}.Debug|Any CPU.Build.0 = Debug|Any CPU
		{9FDC5A3B-0E7C-4404-B72F-DDEB7F2DFBB0}.Release|Any CPU.ActiveCfg = Release|Any CPU
		{9FDC5A3B-0E7C-4404-B72F-DDEB7F2DFBB0}.Release|Any CPU.Build.0 = Release|Any CPU
		{B44C0C7D-C090-4EFB-BDF5-E7905FBA96BB}.Debug|Any CPU.ActiveCfg = Debug|Any CPU
		{B44C0C7D-C090-4EFB-BDF5-E7905FBA96BB}.Debug|Any CPU.Build.0 = Debug|Any CPU
		{B44C0C7D-C090-4EFB-BDF5-E7905FBA96BB}.Release|Any CPU.ActiveCfg = Release|Any CPU
		{B44C0C7D-C090-4EFB-BDF5-E7905FBA96BB}.Release|Any CPU.Build.0 = Release|Any CPU
	EndGlobalSection
	GlobalSection(SolutionProperties) = preSolution
		HideSolutionNode = FALSE
	EndGlobalSection
	GlobalSection(ExtensibilityGlobals) = postSolution
		SolutionGuid = {1C624821-A160-456F-A9ED-1D7BF340C4B2}
	EndGlobalSection
EndGlobal
